
Microsoft Visual Studio Solution File, Format Version 12.00
# Visual Studio 14
VisualStudioVersion = 14.0.24720.0
MinimumVisualStudioVersion = 10.0.40219.1
Project("{FAE04EC0-301F-11D3-BF4B-00C04F79EFBC}") = "NicholsonFamilyFarm", "NicholsonFamilyFarm\NicholsonFamilyFarm.csproj", "{D861EE1F-8370-44A0-A90B-DCF5150CBE87}"
EndProject
Project("{FAE04EC0-301F-11D3-BF4B-00C04F79EFBC}") = "NicholsonFamilyFarm.Entity", "NicholsonFamilyFarm.Entity\NicholsonFamilyFarm.Entity.csproj", "{16A46B17-A106-4515-ABD3-27FA1DCCF164}"
EndProject
Global
	GlobalSection(SolutionConfigurationPlatforms) = preSolution
		Debug|Any CPU = Debug|Any CPU
		Release|Any CPU = Release|Any CPU
	EndGlobalSection
	GlobalSection(ProjectConfigurationPlatforms) = postSolution
		{D861EE1F-8370-44A0-A90B-DCF5150CBE87}.Debug|Any CPU.ActiveCfg = Debug|Any CPU
		{D861EE1F-8370-44A0-A90B-DCF5150CBE87}.Debug|Any CPU.Build.0 = Debug|Any CPU
		{D861EE1F-8370-44A0-A90B-DCF5150CBE87}.Release|Any CPU.ActiveCfg = Release|Any CPU
		{D861EE1F-8370-44A0-A90B-DCF5150CBE87}.Release|Any CPU.Build.0 = Release|Any CPU
		{16A46B17-A106-4515-ABD3-27FA1DCCF164}.Debug|Any CPU.ActiveCfg = Debug|Any CPU
		{16A46B17-A106-4515-ABD3-27FA1DCCF164}.Debug|Any CPU.Build.0 = Debug|Any CPU
		{16A46B17-A106-4515-ABD3-27FA1DCCF164}.Release|Any CPU.ActiveCfg = Release|Any CPU
		{16A46B17-A106-4515-ABD3-27FA1DCCF164}.Release|Any CPU.Build.0 = Release|Any CPU
	EndGlobalSection
	GlobalSection(SolutionProperties) = preSolution
		HideSolutionNode = FALSE
	EndGlobalSection
EndGlobal
